
Microsoft Visual Studio Solution File, Format Version 12.00
# Visual Studio Version 16
VisualStudioVersion = 16.0.30406.217
MinimumVisualStudioVersion = 15.0.26124.0
Project("{9A19103F-16F7-4668-BE54-9A1E7A4F7556}") = "TodoAgility.Agile", "TodoAgility.Agile\TodoAgility.Agile.csproj", "{27A3B64E-B61A-4A82-BCAD-3168CC64FD2E}"
EndProject
Project("{9A19103F-16F7-4668-BE54-9A1E7A4F7556}") = "TodoAgility.Tests", "TodoAgility.Tests\TodoAgility.Tests.csproj", "{D36BC8DF-5D10-4AD3-95B7-1ACF9E7EA2A8}"
EndProject
Project("{2150E333-8FDC-42A3-9474-1A3956D46DE8}") = "UI", "UI", "{35B038EE-227D-49F0-A6B2-A2D7050AE763}"
EndProject
Project("{2150E333-8FDC-42A3-9474-1A3956D46DE8}") = "API", "API", "{5F77880B-FE76-4EF9-ACE3-9D27196E2D0E}"
EndProject
Project("{FAE04EC0-301F-11D3-BF4B-00C04F79EFBC}") = "TodoAgility.API", "API\TodoAgility.API\TodoAgility.API.csproj", "{52819D5C-2EE5-447C-A9B3-2A0066653AB9}"
EndProject
Project("{FAE04EC0-301F-11D3-BF4B-00C04F79EFBC}") = "TodoAgility.UI", "UI\TodoAgility.UI\TodoAgility.UI.csproj", "{4AE4BBC3-514B-4707-89F8-DFC0B5A37352}"
EndProject
Global
	GlobalSection(SolutionConfigurationPlatforms) = preSolution
		Debug|Any CPU = Debug|Any CPU
		Debug|x64 = Debug|x64
		Debug|x86 = Debug|x86
		Release|Any CPU = Release|Any CPU
		Release|x64 = Release|x64
		Release|x86 = Release|x86
	EndGlobalSection
	GlobalSection(ProjectConfigurationPlatforms) = postSolution
		{27A3B64E-B61A-4A82-BCAD-3168CC64FD2E}.Debug|Any CPU.ActiveCfg = Debug|Any CPU
		{27A3B64E-B61A-4A82-BCAD-3168CC64FD2E}.Debug|Any CPU.Build.0 = Debug|Any CPU
		{27A3B64E-B61A-4A82-BCAD-3168CC64FD2E}.Debug|x64.ActiveCfg = Debug|Any CPU
		{27A3B64E-B61A-4A82-BCAD-3168CC64FD2E}.Debug|x64.Build.0 = Debug|Any CPU
		{27A3B64E-B61A-4A82-BCAD-3168CC64FD2E}.Debug|x86.ActiveCfg = Debug|Any CPU
		{27A3B64E-B61A-4A82-BCAD-3168CC64FD2E}.Debug|x86.Build.0 = Debug|Any CPU
		{27A3B64E-B61A-4A82-BCAD-3168CC64FD2E}.Release|Any CPU.ActiveCfg = Release|Any CPU
		{27A3B64E-B61A-4A82-BCAD-3168CC64FD2E}.Release|Any CPU.Build.0 = Release|Any CPU
		{27A3B64E-B61A-4A82-BCAD-3168CC64FD2E}.Release|x64.ActiveCfg = Release|Any CPU
		{27A3B64E-B61A-4A82-BCAD-3168CC64FD2E}.Release|x64.Build.0 = Release|Any CPU
		{27A3B64E-B61A-4A82-BCAD-3168CC64FD2E}.Release|x86.ActiveCfg = Release|Any CPU
		{27A3B64E-B61A-4A82-BCAD-3168CC64FD2E}.Release|x86.Build.0 = Release|Any CPU
		{D36BC8DF-5D10-4AD3-95B7-1ACF9E7EA2A8}.Debug|Any CPU.ActiveCfg = Debug|Any CPU
		{D36BC8DF-5D10-4AD3-95B7-1ACF9E7EA2A8}.Debug|Any CPU.Build.0 = Debug|Any CPU
		{D36BC8DF-5D10-4AD3-95B7-1ACF9E7EA2A8}.Debug|x64.ActiveCfg = Debug|Any CPU
		{D36BC8DF-5D10-4AD3-95B7-1ACF9E7EA2A8}.Debug|x64.Build.0 = Debug|Any CPU
		{D36BC8DF-5D10-4AD3-95B7-1ACF9E7EA2A8}.Debug|x86.ActiveCfg = Debug|Any CPU
		{D36BC8DF-5D10-4AD3-95B7-1ACF9E7EA2A8}.Debug|x86.Build.0 = Debug|Any CPU
		{D36BC8DF-5D10-4AD3-95B7-1ACF9E7EA2A8}.Release|Any CPU.ActiveCfg = Release|Any CPU
		{D36BC8DF-5D10-4AD3-95B7-1ACF9E7EA2A8}.Release|Any CPU.Build.0 = Release|Any CPU
		{D36BC8DF-5D10-4AD3-95B7-1ACF9E7EA2A8}.Release|x64.ActiveCfg = Release|Any CPU
		{D36BC8DF-5D10-4AD3-95B7-1ACF9E7EA2A8}.Release|x64.Build.0 = Release|Any CPU
		{D36BC8DF-5D10-4AD3-95B7-1ACF9E7EA2A8}.Release|x86.ActiveCfg = Release|Any CPU
		{D36BC8DF-5D10-4AD3-95B7-1ACF9E7EA2A8}.Release|x86.Build.0 = Release|Any CPU
		{52819D5C-2EE5-447C-A9B3-2A0066653AB9}.Debug|Any CPU.ActiveCfg = Debug|Any CPU
		{52819D5C-2EE5-447C-A9B3-2A0066653AB9}.Debug|Any CPU.Build.0 = Debug|Any CPU
		{52819D5C-2EE5-447C-A9B3-2A0066653AB9}.Debug|x64.ActiveCfg = Debug|Any CPU
		{52819D5C-2EE5-447C-A9B3-2A0066653AB9}.Debug|x64.Build.0 = Debug|Any CPU
		{52819D5C-2EE5-447C-A9B3-2A0066653AB9}.Debug|x86.ActiveCfg = Debug|Any CPU
		{52819D5C-2EE5-447C-A9B3-2A0066653AB9}.Debug|x86.Build.0 = Debug|Any CPU
		{52819D5C-2EE5-447C-A9B3-2A0066653AB9}.Release|Any CPU.ActiveCfg = Release|Any CPU
		{52819D5C-2EE5-447C-A9B3-2A0066653AB9}.Release|Any CPU.Build.0 = Release|Any CPU
		{52819D5C-2EE5-447C-A9B3-2A0066653AB9}.Release|x64.ActiveCfg = Release|Any CPU
		{52819D5C-2EE5-447C-A9B3-2A0066653AB9}.Release|x64.Build.0 = Release|Any CPU
		{52819D5C-2EE5-447C-A9B3-2A0066653AB9}.Release|x86.ActiveCfg = Release|Any CPU
		{52819D5C-2EE5-447C-A9B3-2A0066653AB9}.Release|x86.Build.0 = Release|Any CPU
		{4AE4BBC3-514B-4707-89F8-DFC0B5A37352}.Debug|Any CPU.ActiveCfg = Debug|Any CPU
		{4AE4BBC3-514B-4707-89F8-DFC0B5A37352}.Debug|Any CPU.Build.0 = Debug|Any CPU
		{4AE4BBC3-514B-4707-89F8-DFC0B5A37352}.Debug|x64.ActiveCfg = Debug|Any CPU
		{4AE4BBC3-514B-4707-89F8-DFC0B5A37352}.Debug|x64.Build.0 = Debug|Any CPU
		{4AE4BBC3-514B-4707-89F8-DFC0B5A37352}.Debug|x86.ActiveCfg = Debug|Any CPU
		{4AE4BBC3-514B-4707-89F8-DFC0B5A37352}.Debug|x86.Build.0 = Debug|Any CPU
		{4AE4BBC3-514B-4707-89F8-DFC0B5A37352}.Release|Any CPU.ActiveCfg = Release|Any CPU
		{4AE4BBC3-514B-4707-89F8-DFC0B5A37352}.Release|Any CPU.Build.0 = Release|Any CPU
		{4AE4BBC3-514B-4707-89F8-DFC0B5A37352}.Release|x64.ActiveCfg = Release|Any CPU
		{4AE4BBC3-514B-4707-89F8-DFC0B5A37352}.Release|x64.Build.0 = Release|Any CPU
		{4AE4BBC3-514B-4707-89F8-DFC0B5A37352}.Release|x86.ActiveCfg = Release|Any CPU
		{4AE4BBC3-514B-4707-89F8-DFC0B5A37352}.Release|x86.Build.0 = Release|Any CPU
	EndGlobalSection
	GlobalSection(SolutionProperties) = preSolution
		HideSolutionNode = FALSE
	EndGlobalSection
	GlobalSection(NestedProjects) = preSolution
		{52819D5C-2EE5-447C-A9B3-2A0066653AB9} = {5F77880B-FE76-4EF9-ACE3-9D27196E2D0E}
		{4AE4BBC3-514B-4707-89F8-DFC0B5A37352} = {35B038EE-227D-49F0-A6B2-A2D7050AE763}
	EndGlobalSection
	GlobalSection(ExtensibilityGlobals) = postSolution
		SolutionGuid = {08DAAC97-9317-4B80-851B-5AA901FD279A}
	EndGlobalSection
EndGlobal
